
Microsoft Visual Studio Solution File, Format Version 12.00
# Visual Studio Version 17
VisualStudioVersion = 17.8.34322.80
MinimumVisualStudioVersion = 10.0.40219.1
Project("{FAE04EC0-301F-11D3-BF4B-00C04F79EFBC}") = "MiniMart", "MiniMart\MiniMart.csproj", "{7B2A5DC8-9F8B-4503-9F51-6EB8485258CE}"
EndProject
Global
	GlobalSection(SolutionConfigurationPlatforms) = preSolution
		Debug|Any CPU = Debug|Any CPU
		Release|Any CPU = Release|Any CPU
	EndGlobalSection
	GlobalSection(ProjectConfigurationPlatforms) = postSolution
		{7B2A5DC8-9F8B-4503-9F51-6EB8485258CE}.Debug|Any CPU.ActiveCfg = Debug|Any CPU
		{7B2A5DC8-9F8B-4503-9F51-6EB8485258CE}.Debug|Any CPU.Build.0 = Debug|Any CPU
		{7B2A5DC8-9F8B-4503-9F51-6EB8485258CE}.Release|Any CPU.ActiveCfg = Release|Any CPU
		{7B2A5DC8-9F8B-4503-9F51-6EB8485258CE}.Release|Any CPU.Build.0 = Release|Any CPU
	EndGlobalSection
	GlobalSection(SolutionProperties) = preSolution
		HideSolutionNode = FALSE
	EndGlobalSection
	GlobalSection(ExtensibilityGlobals) = postSolution
		SolutionGuid = {01FB8D1D-DD7E-4422-923E-D655121FB454}
	EndGlobalSection
EndGlobal
